{
  "name": "get-code-scanning-alerts",
  "version": "1.0.0",
  "lockfileVersion": 1,
  "requires": true,
  "dependencies": {
    "@octokit/auth-token": {
      "version": "2.4.5",
      "resolved": "https://packages.aa.com/artifactory/api/npm/npm-public/@octokit/auth-token/-/auth-token-2.4.5.tgz",
      "integrity": "sha1-VozPuMtG82RB+sCUzjT3qHWxl/M=",
      "requires": {
        "@octokit/types": "^6.0.3"
      },
      "dependencies": {
        "@octokit/types": {
          "version": "6.27.1",
          "resolved": "https://packages.aa.com/artifactory/api/npm/npm-public/@octokit/types/-/types-6.27.1.tgz",
          "integrity": "sha1-iOwl8M/1+2N8R1z0IKCi41ulZMc=",
          "requires": {
            "@octokit/openapi-types": "^10.1.4"
          }
        }
      }
    },
    "@octokit/core": {
      "version": "2.5.4",
      "resolved": "https://packages.aa.com/artifactory/api/npm/npm-public/@octokit/core/-/core-2.5.4.tgz",
      "integrity": "sha1-9/v45PhsXMJJeoiHuiVh7I01gFQ=",
      "requires": {
        "@octokit/auth-token": "^2.4.0",
        "@octokit/graphql": "^4.3.1",
        "@octokit/request": "^5.4.0",
        "@octokit/types": "^5.0.0",
        "before-after-hook": "^2.1.0",
        "universal-user-agent": "^5.0.0"
      }
    },
    "@octokit/endpoint": {
      "version": "6.0.12",
      "resolved": "https://packages.aa.com/artifactory/api/npm/npm-public/@octokit/endpoint/-/endpoint-6.0.12.tgz",
      "integrity": "sha1-O01HpLDnmxAn+4111CIZKLLQVlg=",
      "requires": {
        "@octokit/types": "^6.0.3",
        "is-plain-object": "^5.0.0",
        "universal-user-agent": "^6.0.0"
      },
      "dependencies": {
        "@octokit/types": {
          "version": "6.27.1",
          "resolved": "https://packages.aa.com/artifactory/api/npm/npm-public/@octokit/types/-/types-6.27.1.tgz",
          "integrity": "sha1-iOwl8M/1+2N8R1z0IKCi41ulZMc=",
          "requires": {
            "@octokit/openapi-types": "^10.1.4"
          }
        },
        "universal-user-agent": {
          "version": "6.0.0",
          "resolved": "https://packages.aa.com/artifactory/api/npm/npm-public/universal-user-agent/-/universal-user-agent-6.0.0.tgz",
          "integrity": "sha1-M4H4UDslHA2c0hvB3pOeyd9UgO4="
        }
      }
    },
    "@octokit/graphql": {
      "version": "4.8.0",
      "resolved": "https://packages.aa.com/artifactory/api/npm/npm-public/@octokit/graphql/-/graphql-4.8.0.tgz",
      "integrity": "sha1-Zk2bEcDhIRLL944Q9JoFlZqiLMM=",
      "requires": {
        "@octokit/request": "^5.6.0",
        "@octokit/types": "^6.0.3",
        "universal-user-agent": "^6.0.0"
      },
      "dependencies": {
        "@octokit/types": {
          "version": "6.27.1",
          "resolved": "https://packages.aa.com/artifactory/api/npm/npm-public/@octokit/types/-/types-6.27.1.tgz",
          "integrity": "sha1-iOwl8M/1+2N8R1z0IKCi41ulZMc=",
          "requires": {
            "@octokit/openapi-types": "^10.1.4"
          }
        },
        "universal-user-agent": {
          "version": "6.0.0",
          "resolved": "https://packages.aa.com/artifactory/api/npm/npm-public/universal-user-agent/-/universal-user-agent-6.0.0.tgz",
          "integrity": "sha1-M4H4UDslHA2c0hvB3pOeyd9UgO4="
        }
      }
    },
    "@octokit/openapi-types": {
      "version": "10.1.4",
      "resolved": "https://packages.aa.com/artifactory/api/npm/npm-public/@octokit/openapi-types/-/openapi-types-10.1.4.tgz",
      "integrity": "sha1-tmzvxw6D/UE6EweiuTgarA4Up2s="
    },
    "@octokit/plugin-paginate-rest": {
      "version": "2.16.1",
      "resolved": "https://packages.aa.com/artifactory/api/npm/npm-public/@octokit/plugin-paginate-rest/-/plugin-paginate-rest-2.16.1.tgz",
      "integrity": "sha1-aZ6lxNAnRia9fEuJa0eJwh6jVA4=",
      "requires": {
        "@octokit/types": "^6.27.1"
      },
      "dependencies": {
        "@octokit/types": {
          "version": "6.27.1",
          "resolved": "https://packages.aa.com/artifactory/api/npm/npm-public/@octokit/types/-/types-6.27.1.tgz",
          "integrity": "sha1-iOwl8M/1+2N8R1z0IKCi41ulZMc=",
          "requires": {
            "@octokit/openapi-types": "^10.1.4"
          }
        }
      }
    },
    "@octokit/plugin-request-log": {
      "version": "1.0.4",
      "resolved": "https://packages.aa.com/artifactory/api/npm/npm-public/@octokit/plugin-request-log/-/plugin-request-log-1.0.4.tgz",
      "integrity": "sha1-XlDtcIOmE4FrHkooruxft/FGLoU="
    },
    "@octokit/plugin-rest-endpoint-methods": {
      "version": "3.17.0",
      "resolved": "https://packages.aa.com/artifactory/api/npm/npm-public/@octokit/plugin-rest-endpoint-methods/-/plugin-rest-endpoint-methods-3.17.0.tgz",
      "integrity": "sha1-2LoE64g4Sd2YZmxVv0nYyf574FU=",
      "requires": {
        "@octokit/types": "^4.1.6",
        "deprecation": "^2.3.1"
      },
      "dependencies": {
        "@octokit/types": {
          "version": "4.1.10",
          "resolved": "https://packages.aa.com/artifactory/api/npm/npm-public/@octokit/types/-/types-4.1.10.tgz",
          "integrity": "sha1-5AKcEeLMEzUFF3W8FgDn50DkrKQ=",
          "requires": {
            "@types/node": ">= 8"
          }
        }
      }
    },
    "@octokit/request": {
      "version": "5.6.1",
      "resolved": "https://packages.aa.com/artifactory/api/npm/npm-public/@octokit/request/-/request-5.6.1.tgz",
      "integrity": "sha1-+Xr/B1w3qx1CfEkIL+/u8Nui2M4=",
      "requires": {
        "@octokit/endpoint": "^6.0.1",
        "@octokit/request-error": "^2.1.0",
        "@octokit/types": "^6.16.1",
        "is-plain-object": "^5.0.0",
        "node-fetch": "^2.6.1",
        "universal-user-agent": "^6.0.0"
      },
      "dependencies": {
        "@octokit/types": {
          "version": "6.27.1",
          "resolved": "https://packages.aa.com/artifactory/api/npm/npm-public/@octokit/types/-/types-6.27.1.tgz",
          "integrity": "sha1-iOwl8M/1+2N8R1z0IKCi41ulZMc=",
          "requires": {
            "@octokit/openapi-types": "^10.1.4"
          }
        },
        "universal-user-agent": {
          "version": "6.0.0",
          "resolved": "https://packages.aa.com/artifactory/api/npm/npm-public/universal-user-agent/-/universal-user-agent-6.0.0.tgz",
          "integrity": "sha1-M4H4UDslHA2c0hvB3pOeyd9UgO4="
        }
      }
    },
    "@octokit/request-error": {
      "version": "2.1.0",
      "resolved": "https://packages.aa.com/artifactory/api/npm/npm-public/@octokit/request-error/-/request-error-2.1.0.tgz",
      "integrity": "sha1-nhUDV4Mb/HiNE6T9SxkT1gx01nc=",
      "requires": {
        "@octokit/types": "^6.0.3",
        "deprecation": "^2.0.0",
        "once": "^1.4.0"
      },
      "dependencies": {
        "@octokit/types": {
          "version": "6.27.1",
          "resolved": "https://packages.aa.com/artifactory/api/npm/npm-public/@octokit/types/-/types-6.27.1.tgz",
          "integrity": "sha1-iOwl8M/1+2N8R1z0IKCi41ulZMc=",
          "requires": {
            "@octokit/openapi-types": "^10.1.4"
          }
        }
      }
    },
    "@octokit/rest": {
      "version": "17.11.2",
      "resolved": "https://packages.aa.com/artifactory/api/npm/npm-public/@octokit/rest/-/rest-17.11.2.tgz",
      "integrity": "sha1-89vUb58GNhxkYjD9DvhZjlkYPq0=",
      "requires": {
        "@octokit/core": "^2.4.3",
        "@octokit/plugin-paginate-rest": "^2.2.0",
        "@octokit/plugin-request-log": "^1.0.0",
        "@octokit/plugin-rest-endpoint-methods": "3.17.0"
      }
    },
    "@octokit/types": {
      "version": "5.5.0",
      "resolved": "https://packages.aa.com/artifactory/api/npm/npm-public/@octokit/types/-/types-5.5.0.tgz",
      "integrity": "sha1-5fBujbISRsoQKqKERM2xOuF6E5s=",
      "requires": {
        "@types/node": ">= 8"
      }
    },
    "@types/node": {
      "version": "16.9.1",
      "resolved": "https://packages.aa.com/artifactory/api/npm/npm-public/@types/node/-/node-16.9.1.tgz",
      "integrity": "sha1-BhGzfbQkbJN/7vUp3cwBjPjjVwg="
    },
    "before-after-hook": {
      "version": "2.2.2",
      "resolved": "https://packages.aa.com/artifactory/api/npm/npm-public/before-after-hook/-/before-after-hook-2.2.2.tgz",
      "integrity": "sha1-pujKQQKNkO4sJCIvIByQlWCRYT4="
    },
    "cross-spawn": {
      "version": "6.0.5",
      "resolved": "https://packages.aa.com/artifactory/api/npm/npm-public/cross-spawn/-/cross-spawn-6.0.5.tgz",
      "integrity": "sha1-Sl7Hxk364iw6FBJNus3uhG2Ay8Q=",
      "requires": {
        "nice-try": "^1.0.4",
        "path-key": "^2.0.1",
        "semver": "^5.5.0",
        "shebang-command": "^1.2.0",
        "which": "^1.2.9"
      }
    },
    "delay": {
      "version": "4.4.1",
      "resolved": "https://packages.aa.com/artifactory/api/npm/npm-public/delay/-/delay-4.4.1.tgz",
      "integrity": "sha1-bgLQKUahtquYs5JiztllrLoqxNE="
    },
    "deprecation": {
      "version": "2.3.1",
      "resolved": "https://packages.aa.com/artifactory/api/npm/npm-public/deprecation/-/deprecation-2.3.1.tgz",
      "integrity": "sha1-Y2jL20Cr8zc7UlrIfkomDDpwCRk="
    },
    "dotenv": {
      "version": "8.6.0",
      "resolved": "https://packages.aa.com/artifactory/api/npm/npm-public/dotenv/-/dotenv-8.6.0.tgz",
      "integrity": "sha1-Bhr2ZNGff02PxuT/m1hM4jety4s="
    },
    "end-of-stream": {
      "version": "1.4.4",
      "resolved": "https://packages.aa.com/artifactory/api/npm/npm-public/end-of-stream/-/end-of-stream-1.4.4.tgz",
      "integrity": "sha1-WuZKX0UFe682JuwU2gyl5LJDHrA=",
      "requires": {
        "once": "^1.4.0"
      }
    },
    "execa": {
      "version": "1.0.0",
      "resolved": "https://packages.aa.com/artifactory/api/npm/npm-public/execa/-/execa-1.0.0.tgz",
      "integrity": "sha1-xiNqW7TfbW8V6I5/AXeYIWdJ3dg=",
      "requires": {
        "cross-spawn": "^6.0.0",
        "get-stream": "^4.0.0",
        "is-stream": "^1.1.0",
        "npm-run-path": "^2.0.0",
        "p-finally": "^1.0.0",
        "signal-exit": "^3.0.0",
        "strip-eof": "^1.0.0"
      }
    },
    "get-stream": {
      "version": "4.1.0",
      "resolved": "https://packages.aa.com/artifactory/api/npm/npm-public/get-stream/-/get-stream-4.1.0.tgz",
      "integrity": "sha1-wbJVV189wh1Zv8ec09K0axw6VLU=",
      "requires": {
        "pump": "^3.0.0"
      }
    },
    "is-plain-object": {
      "version": "5.0.0",
      "resolved": "https://packages.aa.com/artifactory/api/npm/npm-public/is-plain-object/-/is-plain-object-5.0.0.tgz",
      "integrity": "sha1-RCf1CrNCnpAl6n1S6QQ6nvQVk0Q="
    },
    "is-stream": {
      "version": "1.1.0",
      "resolved": "https://packages.aa.com/artifactory/api/npm/npm-public/is-stream/-/is-stream-1.1.0.tgz",
      "integrity": "sha1-EtSj3U5o4Lec6428hBc66A2RykQ="
    },
    "isexe": {
      "version": "2.0.0",
      "resolved": "https://packages.aa.com/artifactory/api/npm/npm-public/isexe/-/isexe-2.0.0.tgz",
      "integrity": "sha1-6PvzdNxVb/iUehDcsFctYz8s+hA="
    },
    "macos-release": {
      "version": "2.5.0",
      "resolved": "https://packages.aa.com/artifactory/api/npm/npm-public/macos-release/-/macos-release-2.5.0.tgz",
      "integrity": "sha1-BnwsiLXz+zxWo3Wy7JOCYiD6H/I="
    },
    "nice-try": {
      "version": "1.0.5",
      "resolved": "https://packages.aa.com/artifactory/api/npm/npm-public/nice-try/-/nice-try-1.0.5.tgz",
      "integrity": "sha1-ozeKdpbOfSI+iPybdkvX7xCJ42Y="
    },
    "node-fetch": {
      "version": "2.6.2",
      "resolved": "https://packages.aa.com/artifactory/api/npm/npm-public/node-fetch/-/node-fetch-2.6.2.tgz",
      "integrity": "sha1-mGmWgYtzeF5HsZZcw06wk6HUZNA="
    },
    "npm-run-path": {
      "version": "2.0.2",
      "resolved": "https://packages.aa.com/artifactory/api/npm/npm-public/npm-run-path/-/npm-run-path-2.0.2.tgz",
      "integrity": "sha1-NakjLfo11wZ7TLLd8jV7GHFTbF8=",
      "requires": {
        "path-key": "^2.0.0"
      }
    },
    "once": {
      "version": "1.4.0",
      "resolved": "https://packages.aa.com/artifactory/api/npm/npm-public/once/-/once-1.4.0.tgz",
      "integrity": "sha1-WDsap3WWHUsROsF9nFC6753Xa9E=",
      "requires": {
        "wrappy": "1"
      }
    },
    "os-name": {
      "version": "3.1.0",
      "resolved": "https://packages.aa.com/artifactory/api/npm/npm-public/os-name/-/os-name-3.1.0.tgz",
      "integrity": "sha1-3sGdlmKW4c1i1wGlpm7h3ernCAE=",
      "requires": {
        "macos-release": "^2.2.0",
        "windows-release": "^3.1.0"
      }
    },
    "p-finally": {
      "version": "1.0.0",
      "resolved": "https://packages.aa.com/artifactory/api/npm/npm-public/p-finally/-/p-finally-1.0.0.tgz",
      "integrity": "sha1-P7z7FbiZpEEjs0ttzBi3JDNqLK4="
    },
    "p-reduce": {
      "version": "2.1.0",
      "resolved": "https://packages.aa.com/artifactory/api/npm/npm-public/p-reduce/-/p-reduce-2.1.0.tgz",
      "integrity": "sha1-CUCNpJUHxsJ0+qMfKN8zS8cStko="
    },
    "path-key": {
      "version": "2.0.1",
      "resolved": "https://packages.aa.com/artifactory/api/npm/npm-public/path-key/-/path-key-2.0.1.tgz",
      "integrity": "sha1-QRyttXTFoUDTpLGRDUDYDMn0C0A="
    },
    "pump": {
      "version": "3.0.0",
      "resolved": "https://packages.aa.com/artifactory/api/npm/npm-public/pump/-/pump-3.0.0.tgz",
      "integrity": "sha1-tKIRaBW94vTh6mAjVOjHVWUQemQ=",
      "requires": {
        "end-of-stream": "^1.1.0",
        "once": "^1.3.1"
      }
    },
    "semver": {
      "version": "5.7.1",
      "resolved": "https://packages.aa.com/artifactory/api/npm/npm-public/semver/-/semver-5.7.1.tgz",
      "integrity": "sha1-qVT5Ma66UI0we78Gnv8MAclhFvc="
    },
    "shebang-command": {
      "version": "1.2.0",
      "resolved": "https://packages.aa.com/artifactory/api/npm/npm-public/shebang-command/-/shebang-command-1.2.0.tgz",
      "integrity": "sha1-RKrGW2lbAzmJaMOfNj/uXer98eo=",
      "requires": {
        "shebang-regex": "^1.0.0"
      }
    },
    "shebang-regex": {
      "version": "1.0.0",
      "resolved": "https://packages.aa.com/artifactory/api/npm/npm-public/shebang-regex/-/shebang-regex-1.0.0.tgz",
      "integrity": "sha1-2kL0l0DAtC2yypcoVxyxkMmO/qM="
    },
    "signal-exit": {
      "version": "3.0.3",
      "resolved": "https://packages.aa.com/artifactory/api/npm/npm-public/signal-exit/-/signal-exit-3.0.3.tgz",
      "integrity": "sha1-oUEMLt2PB3sItOJTyOrPyvBXRhw="
    },
    "strip-eof": {
      "version": "1.0.0",
      "resolved": "https://packages.aa.com/artifactory/api/npm/npm-public/strip-eof/-/strip-eof-1.0.0.tgz",
      "integrity": "sha1-u0P/VZim6wXYm1n80SnJgzE2Br8="
    },
    "universal-user-agent": {
      "version": "5.0.0",
      "resolved": "https://packages.aa.com/artifactory/api/npm/npm-public/universal-user-agent/-/universal-user-agent-5.0.0.tgz",
      "integrity": "sha1-oxgqp1gGm/DnmVJXDKdX3jV5wdk=",
      "requires": {
        "os-name": "^3.1.0"
      }
    },
    "which": {
      "version": "1.3.1",
      "resolved": "https://packages.aa.com/artifactory/api/npm/npm-public/which/-/which-1.3.1.tgz",
      "integrity": "sha1-pFBD1U9YBTFtqNYvn1CRjT2nCwo=",
      "requires": {
        "isexe": "^2.0.0"
      }
    },
    "windows-release": {
      "version": "3.3.3",
      "resolved": "https://packages.aa.com/artifactory/api/npm/npm-public/windows-release/-/windows-release-3.3.3.tgz",
      "integrity": "sha1-HBACfHIldD7sa4nfFg1kwuApOZk=",
      "requires": {
        "execa": "^1.0.0"
      }
    },
    "wrappy": {
      "version": "1.0.2",
      "resolved": "https://packages.aa.com/artifactory/api/npm/npm-public/wrappy/-/wrappy-1.0.2.tgz",
      "integrity": "sha1-tSQ9jz7BqjXxNkYFvA0QNuMKtp8="
    }
  }
}
